
Microsoft Visual Studio Solution File, Format Version 12.00
# Visual Studio Version 17
VisualStudioVersion = 17.6.33801.468
MinimumVisualStudioVersion = 10.0.40219.1
Project("{9A19103F-16F7-4668-BE54-9A1E7A4F7556}") = "P1.RandomizeWords", "P1.RandomizeWords\P1.RandomizeWords.csproj", "{DC617FB6-7018-492D-9A92-CBF23F93C45E}"
EndProject
Project("{9A19103F-16F7-4668-BE54-9A1E7A4F7556}") = "P2.BigFactorial", "P2.BigFactorial\P2.BigFactorial.csproj", "{4C0CC1F6-27BD-4B3D-81B5-01B7F3776B7D}"
EndProject
Project("{9A19103F-16F7-4668-BE54-9A1E7A4F7556}") = "P3.Songs", "P3.Songs\P3.Songs.csproj", "{990BB413-E148-4B9C-8736-67AF7DE51678}"
EndProject
Project("{9A19103F-16F7-4668-BE54-9A1E7A4F7556}") = "P4.Students", "P4.Students\P4.Students.csproj", "{8800110D-48A4-4D8E-8C54-C9B73A72B89A}"
EndProject
Project("{FAE04EC0-301F-11D3-BF4B-00C04F79EFBC}") = "P5.Students2.0", "P5.Students2.0\P5.Students2.0.csproj", "{190E0D73-25DC-422B-9B35-8C2E20545156}"
EndProject
Project("{FAE04EC0-301F-11D3-BF4B-00C04F79EFBC}") = "P6.StoreBoxes", "P6.StoreBoxes\P6.StoreBoxes.csproj", "{BE509005-2C87-48AB-BCF3-975CABD0DE88}"
EndProject
Global
	GlobalSection(SolutionConfigurationPlatforms) = preSolution
		Debug|Any CPU = Debug|Any CPU
		Release|Any CPU = Release|Any CPU
	EndGlobalSection
	GlobalSection(ProjectConfigurationPlatforms) = postSolution
		{DC617FB6-7018-492D-9A92-CBF23F93C45E}.Debug|Any CPU.ActiveCfg = Debug|Any CPU
		{DC617FB6-7018-492D-9A92-CBF23F93C45E}.Debug|Any CPU.Build.0 = Debug|Any CPU
		{DC617FB6-7018-492D-9A92-CBF23F93C45E}.Release|Any CPU.ActiveCfg = Release|Any CPU
		{DC617FB6-7018-492D-9A92-CBF23F93C45E}.Release|Any CPU.Build.0 = Release|Any CPU
		{4C0CC1F6-27BD-4B3D-81B5-01B7F3776B7D}.Debug|Any CPU.ActiveCfg = Debug|Any CPU
		{4C0CC1F6-27BD-4B3D-81B5-01B7F3776B7D}.Debug|Any CPU.Build.0 = Debug|Any CPU
		{4C0CC1F6-27BD-4B3D-81B5-01B7F3776B7D}.Release|Any CPU.ActiveCfg = Release|Any CPU
		{4C0CC1F6-27BD-4B3D-81B5-01B7F3776B7D}.Release|Any CPU.Build.0 = Release|Any CPU
		{990BB413-E148-4B9C-8736-67AF7DE51678}.Debug|Any CPU.ActiveCfg = Debug|Any CPU
		{990BB413-E148-4B9C-8736-67AF7DE51678}.Debug|Any CPU.Build.0 = Debug|Any CPU
		{990BB413-E148-4B9C-8736-67AF7DE51678}.Release|Any CPU.ActiveCfg = Release|Any CPU
		{990BB413-E148-4B9C-8736-67AF7DE51678}.Release|Any CPU.Build.0 = Release|Any CPU
		{8800110D-48A4-4D8E-8C54-C9B73A72B89A}.Debug|Any CPU.ActiveCfg = Debug|Any CPU
		{8800110D-48A4-4D8E-8C54-C9B73A72B89A}.Debug|Any CPU.Build.0 = Debug|Any CPU
		{8800110D-48A4-4D8E-8C54-C9B73A72B89A}.Release|Any CPU.ActiveCfg = Release|Any CPU
		{8800110D-48A4-4D8E-8C54-C9B73A72B89A}.Release|Any CPU.Build.0 = Release|Any CPU
		{190E0D73-25DC-422B-9B35-8C2E20545156}.Debug|Any CPU.ActiveCfg = Debug|Any CPU
		{190E0D73-25DC-422B-9B35-8C2E20545156}.Debug|Any CPU.Build.0 = Debug|Any CPU
		{190E0D73-25DC-422B-9B35-8C2E20545156}.Release|Any CPU.ActiveCfg = Release|Any CPU
		{190E0D73-25DC-422B-9B35-8C2E20545156}.Release|Any CPU.Build.0 = Release|Any CPU
		{BE509005-2C87-48AB-BCF3-975CABD0DE88}.Debug|Any CPU.ActiveCfg = Debug|Any CPU
		{BE509005-2C87-48AB-BCF3-975CABD0DE88}.Debug|Any CPU.Build.0 = Debug|Any CPU
		{BE509005-2C87-48AB-BCF3-975CABD0DE88}.Release|Any CPU.ActiveCfg = Release|Any CPU
		{BE509005-2C87-48AB-BCF3-975CABD0DE88}.Release|Any CPU.Build.0 = Release|Any CPU
	EndGlobalSection
	GlobalSection(SolutionProperties) = preSolution
		HideSolutionNode = FALSE
	EndGlobalSection
	GlobalSection(ExtensibilityGlobals) = postSolution
		SolutionGuid = {3CC7E127-19DC-4C4E-B4C3-5327859025E8}
	EndGlobalSection
EndGlobal
